
Microsoft Visual Studio Solution File, Format Version 12.00
# Visual Studio 15
VisualStudioVersion = 15.0.28307.705
MinimumVisualStudioVersion = 10.0.40219.1
Project("{FAE04EC0-301F-11D3-BF4B-00C04F79EFBC}") = "Reloading_cast", "Reloading_cast\Reloading_cast.csproj", "{75D03069-C248-47AE-9885-83FE2200E35A}"
EndProject
Global
	GlobalSection(SolutionConfigurationPlatforms) = preSolution
		Debug|Any CPU = Debug|Any CPU
		Release|Any CPU = Release|Any CPU
	EndGlobalSection
	GlobalSection(ProjectConfigurationPlatforms) = postSolution
		{75D03069-C248-47AE-9885-83FE2200E35A}.Debug|Any CPU.ActiveCfg = Debug|Any CPU
		{75D03069-C248-47AE-9885-83FE2200E35A}.Debug|Any CPU.Build.0 = Debug|Any CPU
		{75D03069-C248-47AE-9885-83FE2200E35A}.Release|Any CPU.ActiveCfg = Release|Any CPU
		{75D03069-C248-47AE-9885-83FE2200E35A}.Release|Any CPU.Build.0 = Release|Any CPU
	EndGlobalSection
	GlobalSection(SolutionProperties) = preSolution
		HideSolutionNode = FALSE
	EndGlobalSection
	GlobalSection(ExtensibilityGlobals) = postSolution
		SolutionGuid = {154B30C9-EA56-402F-B152-24AACF2F3E27}
	EndGlobalSection
EndGlobal
